{
  "name": "inflames",
  "version": "3.1.0",
  "lockfileVersion": 2,
  "requires": true,
  "packages": {
    "": {
      "name": "inflames",
      "version": "3.1.0",
      "license": "MIT",
      "dependencies": {
        "@discordjs/builders": "^0.8.2",
        "@discordjs/rest": "^0.1.0-canary.0",
        "discord-modals": "^1.3.2",
        "discord.js": "^13.3.1",
        "fs": "^0.0.2",
        "inflames.db": "^2.4.2"
      },
      "engines": {
        "node": "16.x"
      }
    },
    "node_modules/@discordjs/builders": {
      "version": "0.8.2",
      "license": "Apache-2.0",
      "dependencies": {
        "@sindresorhus/is": "^4.2.0",
        "discord-api-types": "^0.24.0",
        "ow": "^0.27.0",
        "ts-mixer": "^6.0.0",
        "tslib": "^2.3.1"
      },
      "engines": {
        "node": ">=16.0.0",
        "npm": ">=7.0.0"
      }
    },
    "node_modules/@discordjs/collection": {
      "version": "0.3.2",
      "license": "Apache-2.0",
      "engines": {
        "node": ">=16.0.0",
        "npm": ">=7.0.0"
      }
    },
    "node_modules/@discordjs/form-data": {
      "version": "3.0.1",
      "license": "MIT",
      "dependencies": {
        "asynckit": "^0.4.0",
        "combined-stream": "^1.0.8",
        "mime-types": "^2.1.12"
      },
      "engines": {
        "node": ">= 6"
      }
    },
    "node_modules/@discordjs/rest": {
      "version": "0.1.0-canary.0",
      "license": "Apache-2.0",
      "dependencies": {
        "@discordjs/collection": "^0.1.6",
        "@sapphire/async-queue": "^1.1.4",
        "@sapphire/snowflake": "^1.3.5",
        "abort-controller": "^3.0.0",
        "discord-api-types": "^0.18.1",
        "form-data": "^4.0.0",
        "node-fetch": "^2.6.1",
        "tslib": "^2.3.0"
      },
      "engines": {
        "node": ">=16.0.0"
      }
    },
    "node_modules/@discordjs/rest/node_modules/@discordjs/collection": {
      "version": "0.1.6",
      "license": "Apache-2.0"
    },
    "node_modules/@discordjs/rest/node_modules/discord-api-types": {
      "version": "0.18.1",
      "license": "MIT",
      "engines": {
        "node": ">=12"
      }
    },
    "node_modules/@discordjs/rest/node_modules/form-data": {
      "version": "4.0.0",
      "license": "MIT",
      "dependencies": {
        "asynckit": "^0.4.0",
        "combined-stream": "^1.0.8",
        "mime-types": "^2.1.12"
      },
      "engines": {
        "node": ">= 6"
      }
    },
    "node_modules/@sapphire/async-queue": {
      "version": "1.1.8",
      "license": "MIT",
      "engines": {
        "node": ">=v14.0.0",
        "npm": ">=7.0.0"
      }
    },
    "node_modules/@sapphire/snowflake": {
      "version": "1.3.6",
      "license": "MIT",
      "engines": {
        "node": ">=12",
        "npm": ">=6"
      }
    },
    "node_modules/@sindresorhus/is": {
      "version": "4.2.0",
      "license": "MIT",
      "engines": {
        "node": ">=10"
      },
      "funding": {
        "url": "https://github.com/sindresorhus/is?sponsor=1"
      }
    },
    "node_modules/@types/node": {
      "version": "16.11.6",
      "license": "MIT"
    },
    "node_modules/@types/node-fetch": {
      "version": "2.5.12",
      "license": "MIT",
      "dependencies": {
        "@types/node": "*",
        "form-data": "^3.0.0"
      }
    },
    "node_modules/@types/ws": {
      "version": "8.2.0",
      "license": "MIT",
      "dependencies": {
        "@types/node": "*"
      }
    },
    "node_modules/abort-controller": {
      "version": "3.0.0",
      "license": "MIT",
      "dependencies": {
        "event-target-shim": "^5.0.0"
      },
      "engines": {
        "node": ">=6.5"
      }
    },
    "node_modules/asynckit": {
      "version": "0.4.0",
      "license": "MIT"
    },
    "node_modules/callsites": {
      "version": "3.1.0",
      "license": "MIT",
      "engines": {
        "node": ">=6"
      }
    },
    "node_modules/combined-stream": {
      "version": "1.0.8",
      "license": "MIT",
      "dependencies": {
        "delayed-stream": "~1.0.0"
      },
      "engines": {
        "node": ">= 0.8"
      }
    },
    "node_modules/delayed-stream": {
      "version": "1.0.0",
      "license": "MIT",
      "engines": {
        "node": ">=0.4.0"
      }
    },
    "node_modules/discord-api-types": {
      "version": "0.24.0",
      "license": "MIT",
      "engines": {
        "node": ">=12"
      }
    },
    "node_modules/discord-modals": {
      "version": "1.3.2",
      "resolved": "https://registry.npmjs.org/discord-modals/-/discord-modals-1.3.2.tgz",
      "integrity": "sha512-QSd5WzWKJRugBaGJtZWJFUXi7yfYkuOowtXdMwrSIkfZGjx2BxvnP8gDIY/DTq4xD9Z2KNudjDRRp41zNVs4bA==",
      "peerDependencies": {
        "discord.js": "*"
      }
    },
    "node_modules/discord.js": {
      "version": "13.3.1",
      "license": "Apache-2.0",
      "dependencies": {
        "@discordjs/builders": "^0.8.1",
        "@discordjs/collection": "^0.3.2",
        "@discordjs/form-data": "^3.0.1",
        "@sapphire/async-queue": "^1.1.8",
        "@types/node-fetch": "^2.5.12",
        "@types/ws": "^8.2.0",
        "discord-api-types": "^0.24.0",
        "node-fetch": "^2.6.1",
        "ws": "^8.2.3"
      },
      "engines": {
        "node": ">=16.6.0",
        "npm": ">=7.0.0"
      }
    },
    "node_modules/dot-prop": {
      "version": "6.0.1",
      "license": "MIT",
      "dependencies": {
        "is-obj": "^2.0.0"
      },
      "engines": {
        "node": ">=10"
      },
      "funding": {
        "url": "https://github.com/sponsors/sindresorhus"
      }
    },
    "node_modules/event-target-shim": {
      "version": "5.0.1",
      "license": "MIT",
      "engines": {
        "node": ">=6"
      }
    },
    "node_modules/form-data": {
      "version": "3.0.1",
      "license": "MIT",
      "dependencies": {
        "asynckit": "^0.4.0",
        "combined-stream": "^1.0.8",
        "mime-types": "^2.1.12"
      },
      "engines": {
        "node": ">= 6"
      }
    },
    "node_modules/fs": {
      "version": "0.0.2",
      "license": "MIT"
    },
    "node_modules/inflames.db": {
      "version": "2.4.2",
      "license": "MIT"
    },
    "node_modules/is-obj": {
      "version": "2.0.0",
      "license": "MIT",
      "engines": {
        "node": ">=8"
      }
    },
    "node_modules/lodash.isequal": {
      "version": "4.5.0",
      "license": "MIT"
    },
    "node_modules/mime-db": {
      "version": "1.50.0",
      "license": "MIT",
      "engines": {
        "node": ">= 0.6"
      }
    },
    "node_modules/mime-types": {
      "version": "2.1.33",
      "license": "MIT",
      "dependencies": {
        "mime-db": "1.50.0"
      },
      "engines": {
        "node": ">= 0.6"
      }
    },
    "node_modules/node-fetch": {
      "version": "2.6.6",
      "license": "MIT",
      "dependencies": {
        "whatwg-url": "^5.0.0"
      },
      "engines": {
        "node": "4.x || >=6.0.0"
      }
    },
    "node_modules/ow": {
      "version": "0.27.0",
      "license": "MIT",
      "dependencies": {
        "@sindresorhus/is": "^4.0.1",
        "callsites": "^3.1.0",
        "dot-prop": "^6.0.1",
        "lodash.isequal": "^4.5.0",
        "type-fest": "^1.2.1",
        "vali-date": "^1.0.0"
      },
      "engines": {
        "node": ">=12"
      },
      "funding": {
        "url": "https://github.com/sponsors/sindresorhus"
      }
    },
    "node_modules/tr46": {
      "version": "0.0.3",
      "license": "MIT"
    },
    "node_modules/ts-mixer": {
      "version": "6.0.0",
      "license": "MIT"
    },
    "node_modules/tslib": {
      "version": "2.3.1",
      "license": "0BSD"
    },
    "node_modules/type-fest": {
      "version": "1.4.0",
      "license": "(MIT OR CC0-1.0)",
      "engines": {
        "node": ">=10"
      },
      "funding": {
        "url": "https://github.com/sponsors/sindresorhus"
      }
    },
    "node_modules/vali-date": {
      "version": "1.0.0",
      "license": "MIT",
      "engines": {
        "node": ">=0.10.0"
      }
    },
    "node_modules/webidl-conversions": {
      "version": "3.0.1",
      "license": "BSD-2-Clause"
    },
    "node_modules/whatwg-url": {
      "version": "5.0.0",
      "license": "MIT",
      "dependencies": {
        "tr46": "~0.0.3",
        "webidl-conversions": "^3.0.0"
      }
    },
    "node_modules/ws": {
      "version": "8.2.3",
      "license": "MIT",
      "engines": {
        "node": ">=10.0.0"
      },
      "peerDependencies": {
        "bufferutil": "^4.0.1",
        "utf-8-validate": "^5.0.2"
      },
      "peerDependenciesMeta": {
        "bufferutil": {
          "optional": true
        },
        "utf-8-validate": {
          "optional": true
        }
      }
    }
  },
  "dependencies": {
    "@discordjs/builders": {
      "version": "0.8.2",
      "requires": {
        "@sindresorhus/is": "^4.2.0",
        "discord-api-types": "^0.24.0",
        "ow": "^0.27.0",
        "ts-mixer": "^6.0.0",
        "tslib": "^2.3.1"
      }
    },
    "@discordjs/collection": {
      "version": "0.3.2"
    },
    "@discordjs/form-data": {
      "version": "3.0.1",
      "requires": {
        "asynckit": "^0.4.0",
        "combined-stream": "^1.0.8",
        "mime-types": "^2.1.12"
      }
    },
    "@discordjs/rest": {
      "version": "0.1.0-canary.0",
      "requires": {
        "@discordjs/collection": "^0.1.6",
        "@sapphire/async-queue": "^1.1.4",
        "@sapphire/snowflake": "^1.3.5",
        "abort-controller": "^3.0.0",
        "discord-api-types": "^0.18.1",
        "form-data": "^4.0.0",
        "node-fetch": "^2.6.1",
        "tslib": "^2.3.0"
      },
      "dependencies": {
        "@discordjs/collection": {
          "version": "0.1.6"
        },
        "discord-api-types": {
          "version": "0.18.1"
        },
        "form-data": {
          "version": "4.0.0",
          "requires": {
            "asynckit": "^0.4.0",
            "combined-stream": "^1.0.8",
            "mime-types": "^2.1.12"
          }
        }
      }
    },
    "@sapphire/async-queue": {
      "version": "1.1.8"
    },
    "@sapphire/snowflake": {
      "version": "1.3.6"
    },
    "@sindresorhus/is": {
      "version": "4.2.0"
    },
    "@types/node": {
      "version": "16.11.6"
    },
    "@types/node-fetch": {
      "version": "2.5.12",
      "requires": {
        "@types/node": "*",
        "form-data": "^3.0.0"
      }
    },
    "@types/ws": {
      "version": "8.2.0",
      "requires": {
        "@types/node": "*"
      }
    },
    "abort-controller": {
      "version": "3.0.0",
      "requires": {
        "event-target-shim": "^5.0.0"
      }
    },
    "asynckit": {
      "version": "0.4.0"
    },
    "callsites": {
      "version": "3.1.0"
    },
    "combined-stream": {
      "version": "1.0.8",
      "requires": {
        "delayed-stream": "~1.0.0"
      }
    },
    "delayed-stream": {
      "version": "1.0.0"
    },
    "discord-api-types": {
      "version": "0.24.0"
    },
    "discord-modals": {
      "version": "1.3.2",
      "resolved": "https://registry.npmjs.org/discord-modals/-/discord-modals-1.3.2.tgz",
      "integrity": "sha512-QSd5WzWKJRugBaGJtZWJFUXi7yfYkuOowtXdMwrSIkfZGjx2BxvnP8gDIY/DTq4xD9Z2KNudjDRRp41zNVs4bA==",
      "requires": {}
    },
    "discord.js": {
      "version": "13.3.1",
      "requires": {
        "@discordjs/builders": "^0.8.1",
        "@discordjs/collection": "^0.3.2",
        "@discordjs/form-data": "^3.0.1",
        "@sapphire/async-queue": "^1.1.8",
        "@types/node-fetch": "^2.5.12",
        "@types/ws": "^8.2.0",
        "discord-api-types": "^0.24.0",
        "node-fetch": "^2.6.1",
        "ws": "^8.2.3"
      }
    },
    "dot-prop": {
      "version": "6.0.1",
      "requires": {
        "is-obj": "^2.0.0"
      }
    },
    "event-target-shim": {
      "version": "5.0.1"
    },
    "form-data": {
      "version": "3.0.1",
      "requires": {
        "asynckit": "^0.4.0",
        "combined-stream": "^1.0.8",
        "mime-types": "^2.1.12"
      }
    },
    "fs": {
      "version": "0.0.2"
    },
    "inflames.db": {
      "version": "2.4.2"
    },
    "is-obj": {
      "version": "2.0.0"
    },
    "lodash.isequal": {
      "version": "4.5.0"
    },
    "mime-db": {
      "version": "1.50.0"
    },
    "mime-types": {
      "version": "2.1.33",
      "requires": {
        "mime-db": "1.50.0"
      }
    },
    "node-fetch": {
      "version": "2.6.6",
      "requires": {
        "whatwg-url": "^5.0.0"
      }
    },
    "ow": {
      "version": "0.27.0",
      "requires": {
        "@sindresorhus/is": "^4.0.1",
        "callsites": "^3.1.0",
        "dot-prop": "^6.0.1",
        "lodash.isequal": "^4.5.0",
        "type-fest": "^1.2.1",
        "vali-date": "^1.0.0"
      }
    },
    "tr46": {
      "version": "0.0.3"
    },
    "ts-mixer": {
      "version": "6.0.0"
    },
    "tslib": {
      "version": "2.3.1"
    },
    "type-fest": {
      "version": "1.4.0"
    },
    "vali-date": {
      "version": "1.0.0"
    },
    "webidl-conversions": {
      "version": "3.0.1"
    },
    "whatwg-url": {
      "version": "5.0.0",
      "requires": {
        "tr46": "~0.0.3",
        "webidl-conversions": "^3.0.0"
      }
    },
    "ws": {
      "version": "8.2.3",
      "requires": {}
    }
  }
}
